
Microsoft Visual Studio Solution File, Format Version 11.00
# Visual Studio 2010
Project("{FAE04EC0-301F-11D3-BF4B-00C04F79EFBC}") = "Assembly-CSharp", "Assembly-CSharp.csproj", "{B08EDA19-99D5-2853-9270-52798BC25998}"
EndProject
Project("{FAE04EC0-301F-11D3-BF4B-00C04F79EFBC}") = "MacBLAS", "MacBLAS.csproj", "{5261CE3D-BF9E-1D04-30D7-1D50EFF35EE4}"
EndProject
Project("{FAE04EC0-301F-11D3-BF4B-00C04F79EFBC}") = "iOSBLAS", "iOSBLAS.csproj", "{82380E26-B263-A660-C703-72F7F231DF5A}"
EndProject
Project("{FAE04EC0-301F-11D3-BF4B-00C04F79EFBC}") = "Assembly-CSharp-Editor", "Assembly-CSharp-Editor.csproj", "{088C1545-A00E-D189-E7F2-63086FB2824B}"
EndProject
Project("{FAE04EC0-301F-11D3-BF4B-00C04F79EFBC}") = "Barracuda-editor", "Barracuda-editor.csproj", "{7E381004-89F1-AADF-F8B7-537854A05FEC}"
EndProject
Global
	GlobalSection(SolutionConfigurationPlatforms) = preSolution
		Debug|Any CPU = Debug|Any CPU
		Release|Any CPU = Release|Any CPU
	EndGlobalSection
	GlobalSection(ProjectConfigurationPlatforms) = postSolution
		{B08EDA19-99D5-2853-9270-52798BC25998}.Debug|Any CPU.ActiveCfg = Debug|Any CPU
		{B08EDA19-99D5-2853-9270-52798BC25998}.Debug|Any CPU.Build.0 = Debug|Any CPU
		{B08EDA19-99D5-2853-9270-52798BC25998}.Release|Any CPU.ActiveCfg = Release|Any CPU
		{B08EDA19-99D5-2853-9270-52798BC25998}.Release|Any CPU.Build.0 = Release|Any CPU
		{5261CE3D-BF9E-1D04-30D7-1D50EFF35EE4}.Debug|Any CPU.ActiveCfg = Debug|Any CPU
		{5261CE3D-BF9E-1D04-30D7-1D50EFF35EE4}.Debug|Any CPU.Build.0 = Debug|Any CPU
		{5261CE3D-BF9E-1D04-30D7-1D50EFF35EE4}.Release|Any CPU.ActiveCfg = Release|Any CPU
		{5261CE3D-BF9E-1D04-30D7-1D50EFF35EE4}.Release|Any CPU.Build.0 = Release|Any CPU
		{82380E26-B263-A660-C703-72F7F231DF5A}.Debug|Any CPU.ActiveCfg = Debug|Any CPU
		{82380E26-B263-A660-C703-72F7F231DF5A}.Debug|Any CPU.Build.0 = Debug|Any CPU
		{82380E26-B263-A660-C703-72F7F231DF5A}.Release|Any CPU.ActiveCfg = Release|Any CPU
		{82380E26-B263-A660-C703-72F7F231DF5A}.Release|Any CPU.Build.0 = Release|Any CPU
		{088C1545-A00E-D189-E7F2-63086FB2824B}.Debug|Any CPU.ActiveCfg = Debug|Any CPU
		{088C1545-A00E-D189-E7F2-63086FB2824B}.Debug|Any CPU.Build.0 = Debug|Any CPU
		{088C1545-A00E-D189-E7F2-63086FB2824B}.Release|Any CPU.ActiveCfg = Release|Any CPU
		{088C1545-A00E-D189-E7F2-63086FB2824B}.Release|Any CPU.Build.0 = Release|Any CPU
		{7E381004-89F1-AADF-F8B7-537854A05FEC}.Debug|Any CPU.ActiveCfg = Debug|Any CPU
		{7E381004-89F1-AADF-F8B7-537854A05FEC}.Debug|Any CPU.Build.0 = Debug|Any CPU
		{7E381004-89F1-AADF-F8B7-537854A05FEC}.Release|Any CPU.ActiveCfg = Release|Any CPU
		{7E381004-89F1-AADF-F8B7-537854A05FEC}.Release|Any CPU.Build.0 = Release|Any CPU
	EndGlobalSection
	GlobalSection(SolutionProperties) = preSolution
		HideSolutionNode = FALSE
	EndGlobalSection
	GlobalSection(MonoDevelopProperties) = preSolution
		StartupItem = Assembly-CSharp.csproj
	EndGlobalSection
EndGlobal
